
Microsoft Visual Studio Solution File, Format Version 12.00
# Visual Studio Version 16
VisualStudioVersion = 16.0.31129.286
MinimumVisualStudioVersion = 10.0.40219.1
Project("{FAE04EC0-301F-11D3-BF4B-00C04F79EFBC}") = "TimeExc", "TimeExc\TimeExc.csproj", "{7F899763-A251-4567-B828-C7D9B2D8680F}"
EndProject
Global
	GlobalSection(SolutionConfigurationPlatforms) = preSolution
		Debug|Any CPU = Debug|Any CPU
		Release|Any CPU = Release|Any CPU
	EndGlobalSection
	GlobalSection(ProjectConfigurationPlatforms) = postSolution
		{7F899763-A251-4567-B828-C7D9B2D8680F}.Debug|Any CPU.ActiveCfg = Debug|Any CPU
		{7F899763-A251-4567-B828-C7D9B2D8680F}.Debug|Any CPU.Build.0 = Debug|Any CPU
		{7F899763-A251-4567-B828-C7D9B2D8680F}.Release|Any CPU.ActiveCfg = Release|Any CPU
		{7F899763-A251-4567-B828-C7D9B2D8680F}.Release|Any CPU.Build.0 = Release|Any CPU
	EndGlobalSection
	GlobalSection(SolutionProperties) = preSolution
		HideSolutionNode = FALSE
	EndGlobalSection
	GlobalSection(ExtensibilityGlobals) = postSolution
		SolutionGuid = {950581EE-BE37-4B8A-B192-097F4A744BE1}
	EndGlobalSection
EndGlobal
